
Microsoft Visual Studio Solution File, Format Version 12.00
# Visual Studio 15
VisualStudioVersion = 15.0.28307.902
MinimumVisualStudioVersion = 10.0.40219.1
Project("{FAE04EC0-301F-11D3-BF4B-00C04F79EFBC}") = "Quizzlet.Android", "Quizzlet\Quizzlet.Android\Quizzlet.Android.csproj", "{DA3963F3-32E2-4D22-A185-A11E15EFCAFC}"
EndProject
Project("{FAE04EC0-301F-11D3-BF4B-00C04F79EFBC}") = "Quizzlet.iOS", "Quizzlet\Quizzlet.iOS\Quizzlet.iOS.csproj", "{299AAA35-1C0E-491F-B228-4DD2B1155994}"
EndProject
Project("{FAE04EC0-301F-11D3-BF4B-00C04F79EFBC}") = "Quizzlet.UWP", "Quizzlet\Quizzlet.UWP\Quizzlet.UWP.csproj", "{8B73F0B5-0336-4908-917D-90EE8EF8A2A2}"
EndProject
Project("{9A19103F-16F7-4668-BE54-9A1E7A4F7556}") = "Quizzlet", "Quizzlet\Quizzlet\Quizzlet.csproj", "{82797A7E-B1F8-4CB9-82D7-020E2924C0B5}"
EndProject
Global
	GlobalSection(SolutionConfigurationPlatforms) = preSolution
		Ad-Hoc|Any CPU = Ad-Hoc|Any CPU
		Ad-Hoc|ARM = Ad-Hoc|ARM
		Ad-Hoc|iPhone = Ad-Hoc|iPhone
		Ad-Hoc|iPhoneSimulator = Ad-Hoc|iPhoneSimulator
		Ad-Hoc|x64 = Ad-Hoc|x64
		Ad-Hoc|x86 = Ad-Hoc|x86
		AppStore|Any CPU = AppStore|Any CPU
		AppStore|ARM = AppStore|ARM
		AppStore|iPhone = AppStore|iPhone
		AppStore|iPhoneSimulator = AppStore|iPhoneSimulator
		AppStore|x64 = AppStore|x64
		AppStore|x86 = AppStore|x86
		Debug|Any CPU = Debug|Any CPU
		Debug|ARM = Debug|ARM
		Debug|iPhone = Debug|iPhone
		Debug|iPhoneSimulator = Debug|iPhoneSimulator
		Debug|x64 = Debug|x64
		Debug|x86 = Debug|x86
		Release|Any CPU = Release|Any CPU
		Release|ARM = Release|ARM
		Release|iPhone = Release|iPhone
		Release|iPhoneSimulator = Release|iPhoneSimulator
		Release|x64 = Release|x64
		Release|x86 = Release|x86
	EndGlobalSection
	GlobalSection(ProjectConfigurationPlatforms) = postSolution
		{DA3963F3-32E2-4D22-A185-A11E15EFCAFC}.Ad-Hoc|Any CPU.ActiveCfg = Release|Any CPU
		{DA3963F3-32E2-4D22-A185-A11E15EFCAFC}.Ad-Hoc|Any CPU.Build.0 = Release|Any CPU
		{DA3963F3-32E2-4D22-A185-A11E15EFCAFC}.Ad-Hoc|Any CPU.Deploy.0 = Release|Any CPU
		{DA3963F3-32E2-4D22-A185-A11E15EFCAFC}.Ad-Hoc|ARM.ActiveCfg = Release|Any CPU
		{DA3963F3-32E2-4D22-A185-A11E15EFCAFC}.Ad-Hoc|ARM.Build.0 = Release|Any CPU
		{DA3963F3-32E2-4D22-A185-A11E15EFCAFC}.Ad-Hoc|ARM.Deploy.0 = Release|Any CPU
		{DA3963F3-32E2-4D22-A185-A11E15EFCAFC}.Ad-Hoc|iPhone.ActiveCfg = Release|Any CPU
		{DA3963F3-32E2-4D22-A185-A11E15EFCAFC}.Ad-Hoc|iPhone.Build.0 = Release|Any CPU
		{DA3963F3-32E2-4D22-A185-A11E15EFCAFC}.Ad-Hoc|iPhone.Deploy.0 = Release|Any CPU
		{DA3963F3-32E2-4D22-A185-A11E15EFCAFC}.Ad-Hoc|iPhoneSimulator.ActiveCfg = Release|Any CPU
		{DA3963F3-32E2-4D22-A185-A11E15EFCAFC}.Ad-Hoc|iPhoneSimulator.Build.0 = Release|Any CPU
		{DA3963F3-32E2-4D22-A185-A11E15EFCAFC}.Ad-Hoc|iPhoneSimulator.Deploy.0 = Release|Any CPU
		{DA3963F3-32E2-4D22-A185-A11E15EFCAFC}.Ad-Hoc|x64.ActiveCfg = Release|Any CPU
		{DA3963F3-32E2-4D22-A185-A11E15EFCAFC}.Ad-Hoc|x64.Build.0 = Release|Any CPU
		{DA3963F3-32E2-4D22-A185-A11E15EFCAFC}.Ad-Hoc|x64.Deploy.0 = Release|Any CPU
		{DA3963F3-32E2-4D22-A185-A11E15EFCAFC}.Ad-Hoc|x86.ActiveCfg = Release|Any CPU
		{DA3963F3-32E2-4D22-A185-A11E15EFCAFC}.Ad-Hoc|x86.Build.0 = Release|Any CPU
		{DA3963F3-32E2-4D22-A185-A11E15EFCAFC}.Ad-Hoc|x86.Deploy.0 = Release|Any CPU
		{DA3963F3-32E2-4D22-A185-A11E15EFCAFC}.AppStore|Any CPU.ActiveCfg = Release|Any CPU
		{DA3963F3-32E2-4D22-A185-A11E15EFCAFC}.AppStore|Any CPU.Build.0 = Release|Any CPU
		{DA3963F3-32E2-4D22-A185-A11E15EFCAFC}.AppStore|Any CPU.Deploy.0 = Release|Any CPU
		{DA3963F3-32E2-4D22-A185-A11E15EFCAFC}.AppStore|ARM.ActiveCfg = Release|Any CPU
		{DA3963F3-32E2-4D22-A185-A11E15EFCAFC}.AppStore|ARM.Build.0 = Release|Any CPU
		{DA3963F3-32E2-4D22-A185-A11E15EFCAFC}.AppStore|ARM.Deploy.0 = Release|Any CPU
		{DA3963F3-32E2-4D22-A185-A11E15EFCAFC}.AppStore|iPhone.ActiveCfg = Release|Any CPU
		{DA3963F3-32E2-4D22-A185-A11E15EFCAFC}.AppStore|iPhone.Build.0 = Release|Any CPU
		{DA3963F3-32E2-4D22-A185-A11E15EFCAFC}.AppStore|iPhone.Deploy.0 = Release|Any CPU
		{DA3963F3-32E2-4D22-A185-A11E15EFCAFC}.AppStore|iPhoneSimulator.ActiveCfg = Release|Any CPU
		{DA3963F3-32E2-4D22-A185-A11E15EFCAFC}.AppStore|iPhoneSimulator.Build.0 = Release|Any CPU
		{DA3963F3-32E2-4D22-A185-A11E15EFCAFC}.AppStore|iPhoneSimulator.Deploy.0 = Release|Any CPU
		{DA3963F3-32E2-4D22-A185-A11E15EFCAFC}.AppStore|x64.ActiveCfg = Release|Any CPU
		{DA3963F3-32E2-4D22-A185-A11E15EFCAFC}.AppStore|x64.Build.0 = Release|Any CPU
		{DA3963F3-32E2-4D22-A185-A11E15EFCAFC}.AppStore|x64.Deploy.0 = Release|Any CPU
		{DA3963F3-32E2-4D22-A185-A11E15EFCAFC}.AppStore|x86.ActiveCfg = Release|Any CPU
		{DA3963F3-32E2-4D22-A185-A11E15EFCAFC}.AppStore|x86.Build.0 = Release|Any CPU
		{DA3963F3-32E2-4D22-A185-A11E15EFCAFC}.AppStore|x86.Deploy.0 = Release|Any CPU
		{DA3963F3-32E2-4D22-A185-A11E15EFCAFC}.Debug|Any CPU.ActiveCfg = Debug|Any CPU
		{DA3963F3-32E2-4D22-A185-A11E15EFCAFC}.Debug|Any CPU.Build.0 = Debug|Any CPU
		{DA3963F3-32E2-4D22-A185-A11E15EFCAFC}.Debug|Any CPU.Deploy.0 = Debug|Any CPU
		{DA3963F3-32E2-4D22-A185-A11E15EFCAFC}.Debug|ARM.ActiveCfg = Debug|Any CPU
		{DA3963F3-32E2-4D22-A185-A11E15EFCAFC}.Debug|ARM.Build.0 = Debug|Any CPU
		{DA3963F3-32E2-4D22-A185-A11E15EFCAFC}.Debug|ARM.Deploy.0 = Debug|Any CPU
		{DA3963F3-32E2-4D22-A185-A11E15EFCAFC}.Debug|iPhone.ActiveCfg = Debug|Any CPU
		{DA3963F3-32E2-4D22-A185-A11E15EFCAFC}.Debug|iPhone.Build.0 = Debug|Any CPU
		{DA3963F3-32E2-4D22-A185-A11E15EFCAFC}.Debug|iPhone.Deploy.0 = Debug|Any CPU
		{DA3963F3-32E2-4D22-A185-A11E15EFCAFC}.Debug|iPhoneSimulator.ActiveCfg = Debug|Any CPU
		{DA3963F3-32E2-4D22-A185-A11E15EFCAFC}.Debug|iPhoneSimulator.Build.0 = Debug|Any CPU
		{DA3963F3-32E2-4D22-A185-A11E15EFCAFC}.Debug|iPhoneSimulator.Deploy.0 = Debug|Any CPU
		{DA3963F3-32E2-4D22-A185-A11E15EFCAFC}.Debug|x64.ActiveCfg = Debug|Any CPU
		{DA3963F3-32E2-4D22-A185-A11E15EFCAFC}.Debug|x64.Build.0 = Debug|Any CPU
		{DA3963F3-32E2-4D22-A185-A11E15EFCAFC}.Debug|x64.Deploy.0 = Debug|Any CPU
		{DA3963F3-32E2-4D22-A185-A11E15EFCAFC}.Debug|x86.ActiveCfg = Debug|Any CPU
		{DA3963F3-32E2-4D22-A185-A11E15EFCAFC}.Debug|x86.Build.0 = Debug|Any CPU
		{DA3963F3-32E2-4D22-A185-A11E15EFCAFC}.Debug|x86.Deploy.0 = Debug|Any CPU
		{DA3963F3-32E2-4D22-A185-A11E15EFCAFC}.Release|Any CPU.ActiveCfg = Release|Any CPU
		{DA3963F3-32E2-4D22-A185-A11E15EFCAFC}.Release|Any CPU.Build.0 = Release|Any CPU
		{DA3963F3-32E2-4D22-A185-A11E15EFCAFC}.Release|Any CPU.Deploy.0 = Release|Any CPU
		{DA3963F3-32E2-4D22-A185-A11E15EFCAFC}.Release|ARM.ActiveCfg = Release|Any CPU
		{DA3963F3-32E2-4D22-A185-A11E15EFCAFC}.Release|ARM.Build.0 = Release|Any CPU
		{DA3963F3-32E2-4D22-A185-A11E15EFCAFC}.Release|ARM.Deploy.0 = Release|Any CPU
		{DA3963F3-32E2-4D22-A185-A11E15EFCAFC}.Release|iPhone.ActiveCfg = Release|Any CPU
		{DA3963F3-32E2-4D22-A185-A11E15EFCAFC}.Release|iPhone.Build.0 = Release|Any CPU
		{DA3963F3-32E2-4D22-A185-A11E15EFCAFC}.Release|iPhone.Deploy.0 = Release|Any CPU
		{DA3963F3-32E2-4D22-A185-A11E15EFCAFC}.Release|iPhoneSimulator.ActiveCfg = Release|Any CPU
		{DA3963F3-32E2-4D22-A185-A11E15EFCAFC}.Release|iPhoneSimulator.Build.0 = Release|Any CPU
		{DA3963F3-32E2-4D22-A185-A11E15EFCAFC}.Release|iPhoneSimulator.Deploy.0 = Release|Any CPU
		{DA3963F3-32E2-4D22-A185-A11E15EFCAFC}.Release|x64.ActiveCfg = Release|Any CPU
		{DA3963F3-32E2-4D22-A185-A11E15EFCAFC}.Release|x64.Build.0 = Release|Any CPU
		{DA3963F3-32E2-4D22-A185-A11E15EFCAFC}.Release|x64.Deploy.0 = Release|Any CPU
		{DA3963F3-32E2-4D22-A185-A11E15EFCAFC}.Release|x86.ActiveCfg = Release|Any CPU
		{DA3963F3-32E2-4D22-A185-A11E15EFCAFC}.Release|x86.Build.0 = Release|Any CPU
		{DA3963F3-32E2-4D22-A185-A11E15EFCAFC}.Release|x86.Deploy.0 = Release|Any CPU
		{299AAA35-1C0E-491F-B228-4DD2B1155994}.Ad-Hoc|Any CPU.ActiveCfg = Ad-Hoc|iPhone
		{299AAA35-1C0E-491F-B228-4DD2B1155994}.Ad-Hoc|Any CPU.Build.0 = Ad-Hoc|iPhone
		{299AAA35-1C0E-491F-B228-4DD2B1155994}.Ad-Hoc|Any CPU.Deploy.0 = Ad-Hoc|iPhone
		{299AAA35-1C0E-491F-B228-4DD2B1155994}.Ad-Hoc|ARM.ActiveCfg = Ad-Hoc|iPhone
		{299AAA35-1C0E-491F-B228-4DD2B1155994}.Ad-Hoc|ARM.Build.0 = Ad-Hoc|iPhone
		{299AAA35-1C0E-491F-B228-4DD2B1155994}.Ad-Hoc|ARM.Deploy.0 = Ad-Hoc|iPhone
		{299AAA35-1C0E-491F-B228-4DD2B1155994}.Ad-Hoc|iPhone.ActiveCfg = Ad-Hoc|iPhone
		{299AAA35-1C0E-491F-B228-4DD2B1155994}.Ad-Hoc|iPhone.Build.0 = Ad-Hoc|iPhone
		{299AAA35-1C0E-491F-B228-4DD2B1155994}.Ad-Hoc|iPhone.Deploy.0 = Ad-Hoc|iPhone
		{299AAA35-1C0E-491F-B228-4DD2B1155994}.Ad-Hoc|iPhoneSimulator.ActiveCfg = Ad-Hoc|iPhoneSimulator
		{299AAA35-1C0E-491F-B228-4DD2B1155994}.Ad-Hoc|iPhoneSimulator.Build.0 = Ad-Hoc|iPhoneSimulator
		{299AAA35-1C0E-491F-B228-4DD2B1155994}.Ad-Hoc|iPhoneSimulator.Deploy.0 = Ad-Hoc|iPhoneSimulator
		{299AAA35-1C0E-491F-B228-4DD2B1155994}.Ad-Hoc|x64.ActiveCfg = Ad-Hoc|iPhone
		{299AAA35-1C0E-491F-B228-4DD2B1155994}.Ad-Hoc|x64.Build.0 = Ad-Hoc|iPhone
		{299AAA35-1C0E-491F-B228-4DD2B1155994}.Ad-Hoc|x64.Deploy.0 = Ad-Hoc|iPhone
		{299AAA35-1C0E-491F-B228-4DD2B1155994}.Ad-Hoc|x86.ActiveCfg = Ad-Hoc|iPhone
		{299AAA35-1C0E-491F-B228-4DD2B1155994}.Ad-Hoc|x86.Build.0 = Ad-Hoc|iPhone
		{299AAA35-1C0E-491F-B228-4DD2B1155994}.Ad-Hoc|x86.Deploy.0 = Ad-Hoc|iPhone
		{299AAA35-1C0E-491F-B228-4DD2B1155994}.AppStore|Any CPU.ActiveCfg = AppStore|iPhone
		{299AAA35-1C0E-491F-B228-4DD2B1155994}.AppStore|Any CPU.Build.0 = AppStore|iPhone
		{299AAA35-1C0E-491F-B228-4DD2B1155994}.AppStore|Any CPU.Deploy.0 = AppStore|iPhone
		{299AAA35-1C0E-491F-B228-4DD2B1155994}.AppStore|ARM.ActiveCfg = AppStore|iPhone
		{299AAA35-1C0E-491F-B228-4DD2B1155994}.AppStore|ARM.Build.0 = AppStore|iPhone
		{299AAA35-1C0E-491F-B228-4DD2B1155994}.AppStore|ARM.Deploy.0 = AppStore|iPhone
		{299AAA35-1C0E-491F-B228-4DD2B1155994}.AppStore|iPhone.ActiveCfg = AppStore|iPhone
		{299AAA35-1C0E-491F-B228-4DD2B1155994}.AppStore|iPhone.Build.0 = AppStore|iPhone
		{299AAA35-1C0E-491F-B228-4DD2B1155994}.AppStore|iPhone.Deploy.0 = AppStore|iPhone
		{299AAA35-1C0E-491F-B228-4DD2B1155994}.AppStore|iPhoneSimulator.ActiveCfg = AppStore|iPhoneSimulator
		{299AAA35-1C0E-491F-B228-4DD2B1155994}.AppStore|iPhoneSimulator.Build.0 = AppStore|iPhoneSimulator
		{299AAA35-1C0E-491F-B228-4DD2B1155994}.AppStore|iPhoneSimulator.Deploy.0 = AppStore|iPhoneSimulator
		{299AAA35-1C0E-491F-B228-4DD2B1155994}.AppStore|x64.ActiveCfg = AppStore|iPhone
		{299AAA35-1C0E-491F-B228-4DD2B1155994}.AppStore|x64.Build.0 = AppStore|iPhone
		{299AAA35-1C0E-491F-B228-4DD2B1155994}.AppStore|x64.Deploy.0 = AppStore|iPhone
		{299AAA35-1C0E-491F-B228-4DD2B1155994}.AppStore|x86.ActiveCfg = AppStore|iPhone
		{299AAA35-1C0E-491F-B228-4DD2B1155994}.AppStore|x86.Build.0 = AppStore|iPhone
		{299AAA35-1C0E-491F-B228-4DD2B1155994}.AppStore|x86.Deploy.0 = AppStore|iPhone
		{299AAA35-1C0E-491F-B228-4DD2B1155994}.Debug|Any CPU.ActiveCfg = Debug|iPhoneSimulator
		{299AAA35-1C0E-491F-B228-4DD2B1155994}.Debug|Any CPU.Deploy.0 = Debug|iPhoneSimulator
		{299AAA35-1C0E-491F-B228-4DD2B1155994}.Debug|ARM.ActiveCfg = Debug|iPhone
		{299AAA35-1C0E-491F-B228-4DD2B1155994}.Debug|ARM.Build.0 = Debug|iPhone
		{299AAA35-1C0E-491F-B228-4DD2B1155994}.Debug|ARM.Deploy.0 = Debug|iPhone
		{299AAA35-1C0E-491F-B228-4DD2B1155994}.Debug|iPhone.ActiveCfg = Debug|iPhone
		{299AAA35-1C0E-491F-B228-4DD2B1155994}.Debug|iPhone.Build.0 = Debug|iPhone
		{299AAA35-1C0E-491F-B228-4DD2B1155994}.Debug|iPhone.Deploy.0 = Debug|iPhone
		{299AAA35-1C0E-491F-B228-4DD2B1155994}.Debug|iPhoneSimulator.ActiveCfg = Debug|iPhoneSimulator
		{299AAA35-1C0E-491F-B228-4DD2B1155994}.Debug|iPhoneSimulator.Build.0 = Debug|iPhoneSimulator
		{299AAA35-1C0E-491F-B228-4DD2B1155994}.Debug|iPhoneSimulator.Deploy.0 = Debug|iPhoneSimulator
		{299AAA35-1C0E-491F-B228-4DD2B1155994}.Debug|x64.ActiveCfg = Debug|iPhone
		{299AAA35-1C0E-491F-B228-4DD2B1155994}.Debug|x64.Build.0 = Debug|iPhone
		{299AAA35-1C0E-491F-B228-4DD2B1155994}.Debug|x64.Deploy.0 = Debug|iPhone
		{299AAA35-1C0E-491F-B228-4DD2B1155994}.Debug|x86.ActiveCfg = Debug|iPhone
		{299AAA35-1C0E-491F-B228-4DD2B1155994}.Debug|x86.Build.0 = Debug|iPhone
		{299AAA35-1C0E-491F-B228-4DD2B1155994}.Debug|x86.Deploy.0 = Debug|iPhone
		{299AAA35-1C0E-491F-B228-4DD2B1155994}.Release|Any CPU.ActiveCfg = Release|iPhone
		{299AAA35-1C0E-491F-B228-4DD2B1155994}.Release|Any CPU.Build.0 = Release|iPhone
		{299AAA35-1C0E-491F-B228-4DD2B1155994}.Release|Any CPU.Deploy.0 = Release|iPhone
		{299AAA35-1C0E-491F-B228-4DD2B1155994}.Release|ARM.ActiveCfg = Release|iPhone
		{299AAA35-1C0E-491F-B228-4DD2B1155994}.Release|ARM.Build.0 = Release|iPhone
		{299AAA35-1C0E-491F-B228-4DD2B1155994}.Release|ARM.Deploy.0 = Release|iPhone
		{299AAA35-1C0E-491F-B228-4DD2B1155994}.Release|iPhone.ActiveCfg = Release|iPhone
		{299AAA35-1C0E-491F-B228-4DD2B1155994}.Release|iPhone.Build.0 = Release|iPhone
		{299AAA35-1C0E-491F-B228-4DD2B1155994}.Release|iPhone.Deploy.0 = Release|iPhone
		{299AAA35-1C0E-491F-B228-4DD2B1155994}.Release|iPhoneSimulator.ActiveCfg = Release|iPhoneSimulator
		{299AAA35-1C0E-491F-B228-4DD2B1155994}.Release|iPhoneSimulator.Build.0 = Release|iPhoneSimulator
		{299AAA35-1C0E-491F-B228-4DD2B1155994}.Release|iPhoneSimulator.Deploy.0 = Release|iPhoneSimulator
		{299AAA35-1C0E-491F-B228-4DD2B1155994}.Release|x64.ActiveCfg = Release|iPhone
		{299AAA35-1C0E-491F-B228-4DD2B1155994}.Release|x64.Build.0 = Release|iPhone
		{299AAA35-1C0E-491F-B228-4DD2B1155994}.Release|x64.Deploy.0 = Release|iPhone
		{299AAA35-1C0E-491F-B228-4DD2B1155994}.Release|x86.ActiveCfg = Release|iPhone
		{299AAA35-1C0E-491F-B228-4DD2B1155994}.Release|x86.Build.0 = Release|iPhone
		{299AAA35-1C0E-491F-B228-4DD2B1155994}.Release|x86.Deploy.0 = Release|iPhone
		{8B73F0B5-0336-4908-917D-90EE8EF8A2A2}.Ad-Hoc|Any CPU.ActiveCfg = Release|x86
		{8B73F0B5-0336-4908-917D-90EE8EF8A2A2}.Ad-Hoc|Any CPU.Build.0 = Release|x86
		{8B73F0B5-0336-4908-917D-90EE8EF8A2A2}.Ad-Hoc|Any CPU.Deploy.0 = Release|x86
		{8B73F0B5-0336-4908-917D-90EE8EF8A2A2}.Ad-Hoc|ARM.ActiveCfg = Release|ARM
		{8B73F0B5-0336-4908-917D-90EE8EF8A2A2}.Ad-Hoc|ARM.Build.0 = Release|ARM
		{8B73F0B5-0336-4908-917D-90EE8EF8A2A2}.Ad-Hoc|ARM.Deploy.0 = Release|ARM
		{8B73F0B5-0336-4908-917D-90EE8EF8A2A2}.Ad-Hoc|iPhone.ActiveCfg = Release|x86
		{8B73F0B5-0336-4908-917D-90EE8EF8A2A2}.Ad-Hoc|iPhone.Build.0 = Release|x86
		{8B73F0B5-0336-4908-917D-90EE8EF8A2A2}.Ad-Hoc|iPhone.Deploy.0 = Release|x86
		{8B73F0B5-0336-4908-917D-90EE8EF8A2A2}.Ad-Hoc|iPhoneSimulator.ActiveCfg = Release|x86
		{8B73F0B5-0336-4908-917D-90EE8EF8A2A2}.Ad-Hoc|iPhoneSimulator.Build.0 = Release|x86
		{8B73F0B5-0336-4908-917D-90EE8EF8A2A2}.Ad-Hoc|iPhoneSimulator.Deploy.0 = Release|x86
		{8B73F0B5-0336-4908-917D-90EE8EF8A2A2}.Ad-Hoc|x64.ActiveCfg = Release|x64
		{8B73F0B5-0336-4908-917D-90EE8EF8A2A2}.Ad-Hoc|x64.Build.0 = Release|x64
		{8B73F0B5-0336-4908-917D-90EE8EF8A2A2}.Ad-Hoc|x64.Deploy.0 = Release|x64
		{8B73F0B5-0336-4908-917D-90EE8EF8A2A2}.Ad-Hoc|x86.ActiveCfg = Release|x86
		{8B73F0B5-0336-4908-917D-90EE8EF8A2A2}.Ad-Hoc|x86.Build.0 = Release|x86
		{8B73F0B5-0336-4908-917D-90EE8EF8A2A2}.Ad-Hoc|x86.Deploy.0 = Release|x86
		{8B73F0B5-0336-4908-917D-90EE8EF8A2A2}.AppStore|Any CPU.ActiveCfg = Release|x86
		{8B73F0B5-0336-4908-917D-90EE8EF8A2A2}.AppStore|Any CPU.Build.0 = Release|x86
		{8B73F0B5-0336-4908-917D-90EE8EF8A2A2}.AppStore|Any CPU.Deploy.0 = Release|x86
		{8B73F0B5-0336-4908-917D-90EE8EF8A2A2}.AppStore|ARM.ActiveCfg = Release|ARM
		{8B73F0B5-0336-4908-917D-90EE8EF8A2A2}.AppStore|ARM.Build.0 = Release|ARM
		{8B73F0B5-0336-4908-917D-90EE8EF8A2A2}.AppStore|ARM.Deploy.0 = Release|ARM
		{8B73F0B5-0336-4908-917D-90EE8EF8A2A2}.AppStore|iPhone.ActiveCfg = Release|x86
		{8B73F0B5-0336-4908-917D-90EE8EF8A2A2}.AppStore|iPhone.Build.0 = Release|x86
		{8B73F0B5-0336-4908-917D-90EE8EF8A2A2}.AppStore|iPhone.Deploy.0 = Release|x86
		{8B73F0B5-0336-4908-917D-90EE8EF8A2A2}.AppStore|iPhoneSimulator.ActiveCfg = Release|x86
		{8B73F0B5-0336-4908-917D-90EE8EF8A2A2}.AppStore|iPhoneSimulator.Build.0 = Release|x86
		{8B73F0B5-0336-4908-917D-90EE8EF8A2A2}.AppStore|iPhoneSimulator.Deploy.0 = Release|x86
		{8B73F0B5-0336-4908-917D-90EE8EF8A2A2}.AppStore|x64.ActiveCfg = Release|x64
		{8B73F0B5-0336-4908-917D-90EE8EF8A2A2}.AppStore|x64.Build.0 = Release|x64
		{8B73F0B5-0336-4908-917D-90EE8EF8A2A2}.AppStore|x64.Deploy.0 = Release|x64
		{8B73F0B5-0336-4908-917D-90EE8EF8A2A2}.AppStore|x86.ActiveCfg = Release|x86
		{8B73F0B5-0336-4908-917D-90EE8EF8A2A2}.AppStore|x86.Build.0 = Release|x86
		{8B73F0B5-0336-4908-917D-90EE8EF8A2A2}.AppStore|x86.Deploy.0 = Release|x86
		{8B73F0B5-0336-4908-917D-90EE8EF8A2A2}.Debug|Any CPU.ActiveCfg = Debug|x86
		{8B73F0B5-0336-4908-917D-90EE8EF8A2A2}.Debug|ARM.ActiveCfg = Debug|ARM
		{8B73F0B5-0336-4908-917D-90EE8EF8A2A2}.Debug|ARM.Build.0 = Debug|ARM
		{8B73F0B5-0336-4908-917D-90EE8EF8A2A2}.Debug|ARM.Deploy.0 = Debug|ARM
		{8B73F0B5-0336-4908-917D-90EE8EF8A2A2}.Debug|iPhone.ActiveCfg = Debug|x86
		{8B73F0B5-0336-4908-917D-90EE8EF8A2A2}.Debug|iPhone.Build.0 = Debug|x86
		{8B73F0B5-0336-4908-917D-90EE8EF8A2A2}.Debug|iPhone.Deploy.0 = Debug|x86
		{8B73F0B5-0336-4908-917D-90EE8EF8A2A2}.Debug|iPhoneSimulator.ActiveCfg = Debug|x86
		{8B73F0B5-0336-4908-917D-90EE8EF8A2A2}.Debug|iPhoneSimulator.Build.0 = Debug|x86
		{8B73F0B5-0336-4908-917D-90EE8EF8A2A2}.Debug|iPhoneSimulator.Deploy.0 = Debug|x86
		{8B73F0B5-0336-4908-917D-90EE8EF8A2A2}.Debug|x64.ActiveCfg = Debug|x64
		{8B73F0B5-0336-4908-917D-90EE8EF8A2A2}.Debug|x64.Build.0 = Debug|x64
		{8B73F0B5-0336-4908-917D-90EE8EF8A2A2}.Debug|x64.Deploy.0 = Debug|x64
		{8B73F0B5-0336-4908-917D-90EE8EF8A2A2}.Debug|x86.ActiveCfg = Debug|x86
		{8B73F0B5-0336-4908-917D-90EE8EF8A2A2}.Debug|x86.Build.0 = Debug|x86
		{8B73F0B5-0336-4908-917D-90EE8EF8A2A2}.Debug|x86.Deploy.0 = Debug|x86
		{8B73F0B5-0336-4908-917D-90EE8EF8A2A2}.Release|Any CPU.ActiveCfg = Release|x86
		{8B73F0B5-0336-4908-917D-90EE8EF8A2A2}.Release|Any CPU.Build.0 = Release|x86
		{8B73F0B5-0336-4908-917D-90EE8EF8A2A2}.Release|Any CPU.Deploy.0 = Release|x86
		{8B73F0B5-0336-4908-917D-90EE8EF8A2A2}.Release|ARM.ActiveCfg = Release|ARM
		{8B73F0B5-0336-4908-917D-90EE8EF8A2A2}.Release|ARM.Build.0 = Release|ARM
		{8B73F0B5-0336-4908-917D-90EE8EF8A2A2}.Release|ARM.Deploy.0 = Release|ARM
		{8B73F0B5-0336-4908-917D-90EE8EF8A2A2}.Release|iPhone.ActiveCfg = Release|x86
		{8B73F0B5-0336-4908-917D-90EE8EF8A2A2}.Release|iPhone.Build.0 = Release|x86
		{8B73F0B5-0336-4908-917D-90EE8EF8A2A2}.Release|iPhone.Deploy.0 = Release|x86
		{8B73F0B5-0336-4908-917D-90EE8EF8A2A2}.Release|iPhoneSimulator.ActiveCfg = Release|x86
		{8B73F0B5-0336-4908-917D-90EE8EF8A2A2}.Release|iPhoneSimulator.Build.0 = Release|x86
		{8B73F0B5-0336-4908-917D-90EE8EF8A2A2}.Release|iPhoneSimulator.Deploy.0 = Release|x86
		{8B73F0B5-0336-4908-917D-90EE8EF8A2A2}.Release|x64.ActiveCfg = Release|x64
		{8B73F0B5-0336-4908-917D-90EE8EF8A2A2}.Release|x64.Build.0 = Release|x64
		{8B73F0B5-0336-4908-917D-90EE8EF8A2A2}.Release|x64.Deploy.0 = Release|x64
		{8B73F0B5-0336-4908-917D-90EE8EF8A2A2}.Release|x86.ActiveCfg = Release|x86
		{8B73F0B5-0336-4908-917D-90EE8EF8A2A2}.Release|x86.Build.0 = Release|x86
		{8B73F0B5-0336-4908-917D-90EE8EF8A2A2}.Release|x86.Deploy.0 = Release|x86
		{82797A7E-B1F8-4CB9-82D7-020E2924C0B5}.Ad-Hoc|Any CPU.ActiveCfg = Debug|Any CPU
		{82797A7E-B1F8-4CB9-82D7-020E2924C0B5}.Ad-Hoc|Any CPU.Build.0 = Debug|Any CPU
		{82797A7E-B1F8-4CB9-82D7-020E2924C0B5}.Ad-Hoc|Any CPU.Deploy.0 = Debug|Any CPU
		{82797A7E-B1F8-4CB9-82D7-020E2924C0B5}.Ad-Hoc|ARM.ActiveCfg = Debug|Any CPU
		{82797A7E-B1F8-4CB9-82D7-020E2924C0B5}.Ad-Hoc|ARM.Build.0 = Debug|Any CPU
		{82797A7E-B1F8-4CB9-82D7-020E2924C0B5}.Ad-Hoc|ARM.Deploy.0 = Debug|Any CPU
		{82797A7E-B1F8-4CB9-82D7-020E2924C0B5}.Ad-Hoc|iPhone.ActiveCfg = Debug|Any CPU
		{82797A7E-B1F8-4CB9-82D7-020E2924C0B5}.Ad-Hoc|iPhone.Build.0 = Debug|Any CPU
		{82797A7E-B1F8-4CB9-82D7-020E2924C0B5}.Ad-Hoc|iPhone.Deploy.0 = Debug|Any CPU
		{82797A7E-B1F8-4CB9-82D7-020E2924C0B5}.Ad-Hoc|iPhoneSimulator.ActiveCfg = Debug|Any CPU
		{82797A7E-B1F8-4CB9-82D7-020E2924C0B5}.Ad-Hoc|iPhoneSimulator.Build.0 = Debug|Any CPU
		{82797A7E-B1F8-4CB9-82D7-020E2924C0B5}.Ad-Hoc|iPhoneSimulator.Deploy.0 = Debug|Any CPU
		{82797A7E-B1F8-4CB9-82D7-020E2924C0B5}.Ad-Hoc|x64.ActiveCfg = Debug|Any CPU
		{82797A7E-B1F8-4CB9-82D7-020E2924C0B5}.Ad-Hoc|x64.Build.0 = Debug|Any CPU
		{82797A7E-B1F8-4CB9-82D7-020E2924C0B5}.Ad-Hoc|x64.Deploy.0 = Debug|Any CPU
		{82797A7E-B1F8-4CB9-82D7-020E2924C0B5}.Ad-Hoc|x86.ActiveCfg = Debug|Any CPU
		{82797A7E-B1F8-4CB9-82D7-020E2924C0B5}.Ad-Hoc|x86.Build.0 = Debug|Any CPU
		{82797A7E-B1F8-4CB9-82D7-020E2924C0B5}.Ad-Hoc|x86.Deploy.0 = Debug|Any CPU
		{82797A7E-B1F8-4CB9-82D7-020E2924C0B5}.AppStore|Any CPU.ActiveCfg = Debug|Any CPU
		{82797A7E-B1F8-4CB9-82D7-020E2924C0B5}.AppStore|Any CPU.Build.0 = Debug|Any CPU
		{82797A7E-B1F8-4CB9-82D7-020E2924C0B5}.AppStore|Any CPU.Deploy.0 = Debug|Any CPU
		{82797A7E-B1F8-4CB9-82D7-020E2924C0B5}.AppStore|ARM.ActiveCfg = Debug|Any CPU
		{82797A7E-B1F8-4CB9-82D7-020E2924C0B5}.AppStore|ARM.Build.0 = Debug|Any CPU
		{82797A7E-B1F8-4CB9-82D7-020E2924C0B5}.AppStore|ARM.Deploy.0 = Debug|Any CPU
		{82797A7E-B1F8-4CB9-82D7-020E2924C0B5}.AppStore|iPhone.ActiveCfg = Debug|Any CPU
		{82797A7E-B1F8-4CB9-82D7-020E2924C0B5}.AppStore|iPhone.Build.0 = Debug|Any CPU
		{82797A7E-B1F8-4CB9-82D7-020E2924C0B5}.AppStore|iPhone.Deploy.0 = Debug|Any CPU
		{82797A7E-B1F8-4CB9-82D7-020E2924C0B5}.AppStore|iPhoneSimulator.ActiveCfg = Debug|Any CPU
		{82797A7E-B1F8-4CB9-82D7-020E2924C0B5}.AppStore|iPhoneSimulator.Build.0 = Debug|Any CPU
		{82797A7E-B1F8-4CB9-82D7-020E2924C0B5}.AppStore|iPhoneSimulator.Deploy.0 = Debug|Any CPU
		{82797A7E-B1F8-4CB9-82D7-020E2924C0B5}.AppStore|x64.ActiveCfg = Debug|Any CPU
		{82797A7E-B1F8-4CB9-82D7-020E2924C0B5}.AppStore|x64.Build.0 = Debug|Any CPU
		{82797A7E-B1F8-4CB9-82D7-020E2924C0B5}.AppStore|x64.Deploy.0 = Debug|Any CPU
		{82797A7E-B1F8-4CB9-82D7-020E2924C0B5}.AppStore|x86.ActiveCfg = Debug|Any CPU
		{82797A7E-B1F8-4CB9-82D7-020E2924C0B5}.AppStore|x86.Build.0 = Debug|Any CPU
		{82797A7E-B1F8-4CB9-82D7-020E2924C0B5}.AppStore|x86.Deploy.0 = Debug|Any CPU
		{82797A7E-B1F8-4CB9-82D7-020E2924C0B5}.Debug|Any CPU.ActiveCfg = Debug|Any CPU
		{82797A7E-B1F8-4CB9-82D7-020E2924C0B5}.Debug|Any CPU.Build.0 = Debug|Any CPU
		{82797A7E-B1F8-4CB9-82D7-020E2924C0B5}.Debug|Any CPU.Deploy.0 = Debug|Any CPU
		{82797A7E-B1F8-4CB9-82D7-020E2924C0B5}.Debug|ARM.ActiveCfg = Debug|Any CPU
		{82797A7E-B1F8-4CB9-82D7-020E2924C0B5}.Debug|ARM.Build.0 = Debug|Any CPU
		{82797A7E-B1F8-4CB9-82D7-020E2924C0B5}.Debug|ARM.Deploy.0 = Debug|Any CPU
		{82797A7E-B1F8-4CB9-82D7-020E2924C0B5}.Debug|iPhone.ActiveCfg = Debug|Any CPU
		{82797A7E-B1F8-4CB9-82D7-020E2924C0B5}.Debug|iPhone.Build.0 = Debug|Any CPU
		{82797A7E-B1F8-4CB9-82D7-020E2924C0B5}.Debug|iPhone.Deploy.0 = Debug|Any CPU
		{82797A7E-B1F8-4CB9-82D7-020E2924C0B5}.Debug|iPhoneSimulator.ActiveCfg = Debug|Any CPU
		{82797A7E-B1F8-4CB9-82D7-020E2924C0B5}.Debug|iPhoneSimulator.Build.0 = Debug|Any CPU
		{82797A7E-B1F8-4CB9-82D7-020E2924C0B5}.Debug|iPhoneSimulator.Deploy.0 = Debug|Any CPU
		{82797A7E-B1F8-4CB9-82D7-020E2924C0B5}.Debug|x64.ActiveCfg = Debug|Any CPU
		{82797A7E-B1F8-4CB9-82D7-020E2924C0B5}.Debug|x64.Build.0 = Debug|Any CPU
		{82797A7E-B1F8-4CB9-82D7-020E2924C0B5}.Debug|x64.Deploy.0 = Debug|Any CPU
		{82797A7E-B1F8-4CB9-82D7-020E2924C0B5}.Debug|x86.ActiveCfg = Debug|Any CPU
		{82797A7E-B1F8-4CB9-82D7-020E2924C0B5}.Debug|x86.Build.0 = Debug|Any CPU
		{82797A7E-B1F8-4CB9-82D7-020E2924C0B5}.Debug|x86.Deploy.0 = Debug|Any CPU
		{82797A7E-B1F8-4CB9-82D7-020E2924C0B5}.Release|Any CPU.ActiveCfg = Release|Any CPU
		{82797A7E-B1F8-4CB9-82D7-020E2924C0B5}.Release|Any CPU.Build.0 = Release|Any CPU
		{82797A7E-B1F8-4CB9-82D7-020E2924C0B5}.Release|Any CPU.Deploy.0 = Release|Any CPU
		{82797A7E-B1F8-4CB9-82D7-020E2924C0B5}.Release|ARM.ActiveCfg = Release|Any CPU
		{82797A7E-B1F8-4CB9-82D7-020E2924C0B5}.Release|ARM.Build.0 = Release|Any CPU
		{82797A7E-B1F8-4CB9-82D7-020E2924C0B5}.Release|ARM.Deploy.0 = Release|Any CPU
		{82797A7E-B1F8-4CB9-82D7-020E2924C0B5}.Release|iPhone.ActiveCfg = Release|Any CPU
		{82797A7E-B1F8-4CB9-82D7-020E2924C0B5}.Release|iPhone.Build.0 = Release|Any CPU
		{82797A7E-B1F8-4CB9-82D7-020E2924C0B5}.Release|iPhone.Deploy.0 = Release|Any CPU
		{82797A7E-B1F8-4CB9-82D7-020E2924C0B5}.Release|iPhoneSimulator.ActiveCfg = Release|Any CPU
		{82797A7E-B1F8-4CB9-82D7-020E2924C0B5}.Release|iPhoneSimulator.Build.0 = Release|Any CPU
		{82797A7E-B1F8-4CB9-82D7-020E2924C0B5}.Release|iPhoneSimulator.Deploy.0 = Release|Any CPU
		{82797A7E-B1F8-4CB9-82D7-020E2924C0B5}.Release|x64.ActiveCfg = Release|Any CPU
		{82797A7E-B1F8-4CB9-82D7-020E2924C0B5}.Release|x64.Build.0 = Release|Any CPU
		{82797A7E-B1F8-4CB9-82D7-020E2924C0B5}.Release|x64.Deploy.0 = Release|Any CPU
		{82797A7E-B1F8-4CB9-82D7-020E2924C0B5}.Release|x86.ActiveCfg = Release|Any CPU
		{82797A7E-B1F8-4CB9-82D7-020E2924C0B5}.Release|x86.Build.0 = Release|Any CPU
		{82797A7E-B1F8-4CB9-82D7-020E2924C0B5}.Release|x86.Deploy.0 = Release|Any CPU
	EndGlobalSection
	GlobalSection(SolutionProperties) = preSolution
		HideSolutionNode = FALSE
	EndGlobalSection
	GlobalSection(ExtensibilityGlobals) = postSolution
		SolutionGuid = {210653C5-D486-48C7-9EC4-8967CCE75DCE}
	EndGlobalSection
EndGlobal
